Microsoft Visual Studio Solution File, Format Version 12.00
# Visual Studio Version 17
VisualStudioVersion = 17.5.2.0
MinimumVisualStudioVersion = 10.0.40219.1
Project("{FAE04EC0-301F-11D3-BF4B-00C04F79EFBC}") = "Api", "Api.csproj", "{ED562DFE-B9EF-5F88-771F-EBF333E4D08F}"
EndProject
Project("{2150E333-8FDC-42A3-9474-1A3956D46DE8}") = "tests", "tests", "{0AB3BF05-4346-4AA6-1389-037BE0695223}"
EndProject
Project("{FAE04EC0-301F-11D3-BF4B-00C04F79EFBC}") = "Api.Tests", "tests\Api.Tests\Api.Tests.csproj", "{9023C2BC-7477-E627-79FC-76EE7396F02B}"
EndProject
Global
	GlobalSection(SolutionConfigurationPlatforms) = preSolution
		Debug|Any CPU = Debug|Any CPU
		Release|Any CPU = Release|Any CPU
	EndGlobalSection
	GlobalSection(ProjectConfigurationPlatforms) = postSolution
		{ED562DFE-B9EF-5F88-771F-EBF333E4D08F}.Debug|Any CPU.ActiveCfg = Debug|Any CPU
		{ED562DFE-B9EF-5F88-771F-EBF333E4D08F}.Debug|Any CPU.Build.0 = Debug|Any CPU
		{ED562DFE-B9EF-5F88-771F-EBF333E4D08F}.Release|Any CPU.ActiveCfg = Release|Any CPU
		{ED562DFE-B9EF-5F88-771F-EBF333E4D08F}.Release|Any CPU.Build.0 = Release|Any CPU
		{9023C2BC-7477-E627-79FC-76EE7396F02B}.Debug|Any CPU.ActiveCfg = Debug|Any CPU
		{9023C2BC-7477-E627-79FC-76EE7396F02B}.Debug|Any CPU.Build.0 = Debug|Any CPU
		{9023C2BC-7477-E627-79FC-76EE7396F02B}.Release|Any CPU.ActiveCfg = Release|Any CPU
		{9023C2BC-7477-E627-79FC-76EE7396F02B}.Release|Any CPU.Build.0 = Release|Any CPU
	EndGlobalSection
	GlobalSection(SolutionProperties) = preSolution
		HideSolutionNode = FALSE
	EndGlobalSection
	GlobalSection(NestedProjects) = preSolution
		{9023C2BC-7477-E627-79FC-76EE7396F02B} = {0AB3BF05-4346-4AA6-1389-037BE0695223}
	EndGlobalSection
	GlobalSection(ExtensibilityGlobals) = postSolution
		SolutionGuid = {2D547549-FC1D-4565-B192-C9B2B3B92FF6}
	EndGlobalSection
EndGlobal
